// !$*UTF8*$!
{
	archiveVersion = 1;
	classes = {
	};
	objectVersion = 77;
	objects = {

/* Begin PBXContainerItemProxy section */
		AAC0F0A92F48F00B000CE7A9 /* PBXContainerItemProxy */ = {
			isa = PBXContainerItemProxy;
			containerPortal = AAC0F0932F48F007000CE7A9 /* Project object */;
			proxyType = 1;
			remoteGlobalIDString = AAC0F09A2F48F007000CE7A9;
			remoteInfo = "rusty-v8-ios";
		};
		AAC0F0B32F48F00B000CE7A9 /* PBXContainerItemProxy */ = {
			isa = PBXContainerItemProxy;
			containerPortal = AAC0F0932F48F007000CE7A9 /* Project object */;
			proxyType = 1;
			remoteGlobalIDString = AAC0F09A2F48F007000CE7A9;
			remoteInfo = "rusty-v8-ios";
		};
/* End PBXContainerItemProxy section */

/* Begin PBXFileReference section */
		AAC0F09B2F48F007000CE7A9 /* rusty-v8-ios.app */ = {isa = PBXFileReference; explicitFileType = wrapper.application; includeInIndex = 0; path = "rusty-v8-ios.app"; sourceTree = BUILT_PRODUCTS_DIR; };
		AAC0F0A82F48F00B000CE7A9 /* rusty-v8-iosTests.xctest */ = {isa = PBXFileReference; explicitFileType = wrapper.cfbundle; includeInIndex = 0; path = "rusty-v8-iosTests.xctest"; sourceTree = BUILT_PRODUCTS_DIR; };
		AAC0F0B22F48F00B000CE7A9 /* rusty-v8-iosUITests.xctest */ = {isa = PBXFileReference; explicitFileType = wrapper.cfbundle; includeInIndex = 0; path = "rusty-v8-iosUITests.xctest"; sourceTree = BUILT_PRODUCTS_DIR; };
/* End PBXFileReference section */

/* Begin PBXFileSystemSynchronizedRootGroup section */
		AAC0F09D2F48F007000CE7A9 /* rusty-v8-ios */ = {
			isa = PBXFileSystemSynchronizedRootGroup;
			path = "rusty-v8-ios";
			sourceTree = "<group>";
		};
		AAC0F0AB2F48F00B000CE7A9 /* rusty-v8-iosTests */ = {
			isa = PBXFileSystemSynchronizedRootGroup;
			path = "rusty-v8-iosTests";
			sourceTree = "<group>";
		};
		AAC0F0B52F48F00B000CE7A9 /* rusty-v8-iosUITests */ = {
			isa = PBXFileSystemSynchronizedRootGroup;
			path = "rusty-v8-iosUITests";
			sourceTree = "<group>";
		};
/* End PBXFileSystemSynchronizedRootGroup section */

/* Begin PBXFrameworksBuildPhase section */
		AAC0F0982F48F007000CE7A9 /* Frameworks */ = {
			isa = PBXFrameworksBuildPhase;
			buildActionMask = 2147483647;
			files = (
			);
			runOnlyForDeploymentPostprocessing = 0;
		};
		AAC0F0A52F48F00B000CE7A9 /* Frameworks */ = {
			isa = PBXFrameworksBuildPhase;
			buildActionMask = 2147483647;
			files = (
			);
			runOnlyForDeploymentPostprocessing = 0;
		};
		AAC0F0AF2F48F00B000CE7A9 /* Frameworks */ = {
			isa = PBXFrameworksBuildPhase;
			buildActionMask = 2147483647;
			files = (
			);
			runOnlyForDeploymentPostprocessing = 0;
		};
/* End PBXFrameworksBuildPhase section */

/* Begin PBXGroup section */
		AAC0F0922F48F007000CE7A9 = {
			isa = PBXGroup;
			children = (
				AAC0F09D2F48F007000CE7A9 /* rusty-v8-ios */,
				AAC0F0AB2F48F00B000CE7A9 /* rusty-v8-iosTests */,
				AAC0F0B52F48F00B000CE7A9 /* rusty-v8-iosUITests */,
				AAC0F09C2F48F007000CE7A9 /* Products */,
			);
			sourceTree = "<group>";
		};
		AAC0F09C2F48F007000CE7A9 /* Products */ = {
			isa = PBXGroup;
			children = (
				AAC0F09B2F48F007000CE7A9 /* rusty-v8-ios.app */,
				AAC0F0A82F48F00B000CE7A9 /* rusty-v8-iosTests.xctest */,
				AAC0F0B22F48F00B000CE7A9 /* rusty-v8-iosUITests.xctest */,
			);
			name = Products;
			sourceTree = "<group>";
		};
/* End PBXGroup section */

/* Begin PBXNativeTarget section */
		AAC0F09A2F48F007000CE7A9 /* rusty-v8-ios */ = {
			isa = PBXNativeTarget;
			buildConfigurationList = AAC0F0BC2F48F00B000CE7A9 /* Build configuration list for PBXNativeTarget "rusty-v8-ios" */;
			buildPhases = (
				AA000001RUSTBUILD000001 /* Build Rust Library */,
				AAC0F0972F48F007000CE7A9 /* Sources */,
				AAC0F0982F48F007000CE7A9 /* Frameworks */,
				AAC0F0992F48F007000CE7A9 /* Resources */,
			);
			buildRules = (
			);
			dependencies = (
			);
			fileSystemSynchronizedGroups = (
				AAC0F09D2F48F007000CE7A9 /* rusty-v8-ios */,
			);
			name = "rusty-v8-ios";
			packageProductDependencies = (
			);
			productName = "rusty-v8-ios";
			productReference = AAC0F09B2F48F007000CE7A9 /* rusty-v8-ios.app */;
			productType = "com.apple.product-type.application";
		};
		AAC0F0A72F48F00B000CE7A9 /* rusty-v8-iosTests */ = {
			isa = PBXNativeTarget;
			buildConfigurationList = AAC0F0BF2F48F00B000CE7A9 /* Build configuration list for PBXNativeTarget "rusty-v8-iosTests" */;
			buildPhases = (
				AAC0F0A42F48F00B000CE7A9 /* Sources */,
				AAC0F0A52F48F00B000CE7A9 /* Frameworks */,
				AAC0F0A62F48F00B000CE7A9 /* Resources */,
			);
			buildRules = (
			);
			dependencies = (
				AAC0F0AA2F48F00B000CE7A9 /* PBXTargetDependency */,
			);
			fileSystemSynchronizedGroups = (
				AAC0F0AB2F48F00B000CE7A9 /* rusty-v8-iosTests */,
			);
			name = "rusty-v8-iosTests";
			packageProductDependencies = (
			);
			productName = "rusty-v8-iosTests";
			productReference = AAC0F0A82F48F00B000CE7A9 /* rusty-v8-iosTests.xctest */;
			productType = "com.apple.product-type.bundle.unit-test";
		};
		AAC0F0B12F48F00B000CE7A9 /* rusty-v8-iosUITests */ = {
			isa = PBXNativeTarget;
			buildConfigurationList = AAC0F0C22F48F00B000CE7A9 /* Build configuration list for PBXNativeTarget "rusty-v8-iosUITests" */;
			buildPhases = (
				AAC0F0AE2F48F00B000CE7A9 /* Sources */,
				AAC0F0AF2F48F00B000CE7A9 /* Frameworks */,
				AAC0F0B02F48F00B000CE7A9 /* Resources */,
			);
			buildRules = (
			);
			dependencies = (
				AAC0F0B42F48F00B000CE7A9 /* PBXTargetDependency */,
			);
			fileSystemSynchronizedGroups = (
				AAC0F0B52F48F00B000CE7A9 /* rusty-v8-iosUITests */,
			);
			name = "rusty-v8-iosUITests";
			packageProductDependencies = (
			);
			productName = "rusty-v8-iosUITests";
			productReference = AAC0F0B22F48F00B000CE7A9 /* rusty-v8-iosUITests.xctest */;
			productType = "com.apple.product-type.bundle.ui-testing";
		};
/* End PBXNativeTarget section */

/* Begin PBXProject section */
		AAC0F0932F48F007000CE7A9 /* Project object */ = {
			isa = PBXProject;
			attributes = {
				BuildIndependentTargetsInParallel = 1;
				LastSwiftUpdateCheck = 1640;
				LastUpgradeCheck = 1640;
				TargetAttributes = {
					AAC0F09A2F48F007000CE7A9 = {
						CreatedOnToolsVersion = 16.4;
					};
					AAC0F0A72F48F00B000CE7A9 = {
						CreatedOnToolsVersion = 16.4;
						TestTargetID = AAC0F09A2F48F007000CE7A9;
					};
					AAC0F0B12F48F00B000CE7A9 = {
						CreatedOnToolsVersion = 16.4;
						TestTargetID = AAC0F09A2F48F007000CE7A9;
					};
				};
			};
			buildConfigurationList = AAC0F0962F48F007000CE7A9 /* Build configuration list for PBXProject "rusty-v8-ios" */;
			developmentRegion = en;
			hasScannedForEncodings = 0;
			knownRegions = (
				en,
				Base,
			);
			mainGroup = AAC0F0922F48F007000CE7A9;
			minimizedProjectReferenceProxies = 1;
			preferredProjectObjectVersion = 77;
			productRefGroup = AAC0F09C2F48F007000CE7A9 /* Products */;
			projectDirPath = "";
			projectRoot = "";
			targets = (
				AAC0F09A2F48F007000CE7A9 /* rusty-v8-ios */,
				AAC0F0A72F48F00B000CE7A9 /* rusty-v8-iosTests */,
				AAC0F0B12F48F00B000CE7A9 /* rusty-v8-iosUITests */,
			);
		};
/* End PBXProject section */

/* Begin PBXResourcesBuildPhase section */
		AAC0F0992F48F007000CE7A9 /* Resources */ = {
			isa = PBXResourcesBuildPhase;
			buildActionMask = 2147483647;
			files = (
			);
			runOnlyForDeploymentPostprocessing = 0;
		};
		AAC0F0A62F48F00B000CE7A9 /* Resources */ = {
			isa = PBXResourcesBuildPhase;
			buildActionMask = 2147483647;
			files = (
			);
			runOnlyForDeploymentPostprocessing = 0;
		};
		AAC0F0B02F48F00B000CE7A9 /* Resources */ = {
			isa = PBXResourcesBuildPhase;
			buildActionMask = 2147483647;
			files = (
			);
			runOnlyForDeploymentPostprocessing = 0;
		};
/* End PBXResourcesBuildPhase section */

/* Begin PBXShellScriptBuildPhase section */
		AA000001RUSTBUILD000001 /* Build Rust Library */ = {
			isa = PBXShellScriptBuildPhase;
			alwaysOutOfDate = 1;
			buildActionMask = 2147483647;
			files = (
			);
			inputFileListPaths = (
			);
			inputPaths = (
			);
			name = "Build Rust Library";
			outputFileListPaths = (
			);
			outputPaths = (
			);
			runOnlyForDeploymentPostprocessing = 0;
			shellPath = /bin/sh;
			shellScript = "set -e\nexport PATH=\"$HOME/.cargo/bin:$PATH\"\ncd \"$SRCROOT/../../..\"  # repo root\n\nif [ \"$PLATFORM_NAME\" = \"iphonesimulator\" ]; then\n  if [ \"$ARCHS\" = \"x86_64\" ]; then\n    RUST_TARGET=\"x86_64-apple-ios\"\n  else\n    RUST_TARGET=\"aarch64-apple-ios-sim\"\n  fi\nelse\n  RUST_TARGET=\"aarch64-apple-ios\"\nfi\n\nexport V8_FROM_SOURCE=1\nif [ \"$CONFIGURATION\" = \"Release\" ]; then\n  cargo build -vv --target \"$RUST_TARGET\" -p v8-ios-bridge --release $RUSTY_V8_CARGO_FEATURE_FLAGS\n  LIB_DIR=\"release\"\nelse\n  cargo build -vv --target \"$RUST_TARGET\" -p v8-ios-bridge $RUSTY_V8_CARGO_FEATURE_FLAGS\n  LIB_DIR=\"debug\"\nfi\n\nmkdir -p \"$BUILT_PRODUCTS_DIR\"\ncp \"target/$RUST_TARGET/$LIB_DIR/libv8_bridge.a\" \"$BUILT_PRODUCTS_DIR/\"\n";
		};
/* End PBXShellScriptBuildPhase section */

/* Begin PBXSourcesBuildPhase section */
		AAC0F0972F48F007000CE7A9 /* Sources */ = {
			isa = PBXSourcesBuildPhase;
			buildActionMask = 2147483647;
			files = (
			);
			runOnlyForDeploymentPostprocessing = 0;
		};
		AAC0F0A42F48F00B000CE7A9 /* Sources */ = {
			isa = PBXSourcesBuildPhase;
			buildActionMask = 2147483647;
			files = (
			);
			runOnlyForDeploymentPostprocessing = 0;
		};
		AAC0F0AE2F48F00B000CE7A9 /* Sources */ = {
			isa = PBXSourcesBuildPhase;
			buildActionMask = 2147483647;
			files = (
			);
			runOnlyForDeploymentPostprocessing = 0;
		};
/* End PBXSourcesBuildPhase section */

/* Begin PBXTargetDependency section */
		AAC0F0AA2F48F00B000CE7A9 /* PBXTargetDependency */ = {
			isa = PBXTargetDependency;
			target = AAC0F09A2F48F007000CE7A9 /* rusty-v8-ios */;
			targetProxy = AAC0F0A92F48F00B000CE7A9 /* PBXContainerItemProxy */;
		};
		AAC0F0B42F48F00B000CE7A9 /* PBXTargetDependency */ = {
			isa = PBXTargetDependency;
			target = AAC0F09A2F48F007000CE7A9 /* rusty-v8-ios */;
			targetProxy = AAC0F0B32F48F00B000CE7A9 /* PBXContainerItemProxy */;
		};
/* End PBXTargetDependency section */

/* Begin XCBuildConfiguration section */
		AAC0F0BA2F48F00B000CE7A9 /* Debug */ = {
			isa = XCBuildConfiguration;
			buildSettings = {
				ALWAYS_SEARCH_USER_PATHS = NO;
				ASSETCATALOG_COMPILER_GENERATE_SWIFT_ASSET_SYMBOL_EXTENSIONS = YES;
				CLANG_ANALYZER_NONNULL = YES;
				CLANG_ANALYZER_NUMBER_OBJECT_CONVERSION = YES_AGGRESSIVE;
				CLANG_CXX_LANGUAGE_STANDARD = "gnu++20";
				CLANG_ENABLE_MODULES = YES;
				CLANG_ENABLE_OBJC_ARC = YES;
				CLANG_ENABLE_OBJC_WEAK = YES;
				CLANG_WARN_BLOCK_CAPTURE_AUTORELEASING = YES;
				CLANG_WARN_BOOL_CONVERSION = YES;
				CLANG_WARN_COMMA = YES;
				CLANG_WARN_CONSTANT_CONVERSION = YES;
				CLANG_WARN_DEPRECATED_OBJC_IMPLEMENTATIONS = YES;
				CLANG_WARN_DIRECT_OBJC_ISA_USAGE = YES_ERROR;
				CLANG_WARN_DOCUMENTATION_COMMENTS = YES;
				CLANG_WARN_EMPTY_BODY = YES;
				CLANG_WARN_ENUM_CONVERSION = YES;
				CLANG_WARN_INFINITE_RECURSION = YES;
				CLANG_WARN_INT_CONVERSION = YES;
				CLANG_WARN_NON_LITERAL_NULL_CONVERSION = YES;
				CLANG_WARN_OBJC_IMPLICIT_RETAIN_SELF = YES;
				CLANG_WARN_OBJC_LITERAL_CONVERSION = YES;
				CLANG_WARN_OBJC_ROOT_CLASS = YES_ERROR;
				CLANG_WARN_QUOTED_INCLUDE_IN_FRAMEWORK_HEADER = YES;
				CLANG_WARN_RANGE_LOOP_ANALYSIS = YES;
				CLANG_WARN_STRICT_PROTOTYPES = YES;
				CLANG_WARN_SUSPICIOUS_MOVE = YES;
				CLANG_WARN_UNGUARDED_AVAILABILITY = YES_AGGRESSIVE;
				CLANG_WARN_UNREACHABLE_CODE = YES;
				CLANG_WARN__DUPLICATE_METHOD_MATCH = YES;
				COPY_PHASE_STRIP = NO;
				DEBUG_INFORMATION_FORMAT = dwarf;
				ENABLE_STRICT_OBJC_MSGSEND = YES;
				ENABLE_TESTABILITY = YES;
				ENABLE_USER_SCRIPT_SANDBOXING = NO;
				GCC_C_LANGUAGE_STANDARD = gnu17;
				GCC_DYNAMIC_NO_PIC = NO;
				GCC_NO_COMMON_BLOCKS = YES;
				GCC_OPTIMIZATION_LEVEL = 0;
				GCC_PREPROCESSOR_DEFINITIONS = (
					"DEBUG=1",
					"$(inherited)",
				);
				GCC_WARN_64_TO_32_BIT_CONVERSION = YES;
				GCC_WARN_ABOUT_RETURN_TYPE = YES_ERROR;
				GCC_WARN_UNDECLARED_SELECTOR = YES;
				GCC_WARN_UNINITIALIZED_AUTOS = YES_AGGRESSIVE;
				GCC_WARN_UNUSED_FUNCTION = YES;
				GCC_WARN_UNUSED_VARIABLE = YES;
				IPHONEOS_DEPLOYMENT_TARGET = 18.5;
				LOCALIZATION_PREFERS_STRING_CATALOGS = YES;
				MTL_ENABLE_DEBUG_INFO = INCLUDE_SOURCE;
				MTL_FAST_MATH = YES;
				ONLY_ACTIVE_ARCH = YES;
				SDKROOT = iphoneos;
				SWIFT_ACTIVE_COMPILATION_CONDITIONS = "DEBUG $(inherited)";
				SWIFT_OPTIMIZATION_LEVEL = "-Onone";
			};
			name = Debug;
		};
		AAC0F0BB2F48F00B000CE7A9 /* Release */ = {
			isa = XCBuildConfiguration;
			buildSettings = {
				ALWAYS_SEARCH_USER_PATHS = NO;
				ASSETCATALOG_COMPILER_GENERATE_SWIFT_ASSET_SYMBOL_EXTENSIONS = YES;
				CLANG_ANALYZER_NONNULL = YES;
				CLANG_ANALYZER_NUMBER_OBJECT_CONVERSION = YES_AGGRESSIVE;
				CLANG_CXX_LANGUAGE_STANDARD = "gnu++20";
				CLANG_ENABLE_MODULES = YES;
				CLANG_ENABLE_OBJC_ARC = YES;
				CLANG_ENABLE_OBJC_WEAK = YES;
				CLANG_WARN_BLOCK_CAPTURE_AUTORELEASING = YES;
				CLANG_WARN_BOOL_CONVERSION = YES;
				CLANG_WARN_COMMA = YES;
				CLANG_WARN_CONSTANT_CONVERSION = YES;
				CLANG_WARN_DEPRECATED_OBJC_IMPLEMENTATIONS = YES;
				CLANG_WARN_DIRECT_OBJC_ISA_USAGE = YES_ERROR;
				CLANG_WARN_DOCUMENTATION_COMMENTS = YES;
				CLANG_WARN_EMPTY_BODY = YES;
				CLANG_WARN_ENUM_CONVERSION = YES;
				CLANG_WARN_INFINITE_RECURSION = YES;
				CLANG_WARN_INT_CONVERSION = YES;
				CLANG_WARN_NON_LITERAL_NULL_CONVERSION = YES;
				CLANG_WARN_OBJC_IMPLICIT_RETAIN_SELF = YES;
				CLANG_WARN_OBJC_LITERAL_CONVERSION = YES;
				CLANG_WARN_OBJC_ROOT_CLASS = YES_ERROR;
				CLANG_WARN_QUOTED_INCLUDE_IN_FRAMEWORK_HEADER = YES;
				CLANG_WARN_RANGE_LOOP_ANALYSIS = YES;
				CLANG_WARN_STRICT_PROTOTYPES = YES;
				CLANG_WARN_SUSPICIOUS_MOVE = YES;
				CLANG_WARN_UNGUARDED_AVAILABILITY = YES_AGGRESSIVE;
				CLANG_WARN_UNREACHABLE_CODE = YES;
				CLANG_WARN__DUPLICATE_METHOD_MATCH = YES;
				COPY_PHASE_STRIP = NO;
				DEBUG_INFORMATION_FORMAT = "dwarf-with-dsym";
				ENABLE_NS_ASSERTIONS = NO;
				ENABLE_STRICT_OBJC_MSGSEND = YES;
				ENABLE_USER_SCRIPT_SANDBOXING = NO;
				GCC_C_LANGUAGE_STANDARD = gnu17;
				GCC_NO_COMMON_BLOCKS = YES;
				GCC_WARN_64_TO_32_BIT_CONVERSION = YES;
				GCC_WARN_ABOUT_RETURN_TYPE = YES_ERROR;
				GCC_WARN_UNDECLARED_SELECTOR = YES;
				GCC_WARN_UNINITIALIZED_AUTOS = YES_AGGRESSIVE;
				GCC_WARN_UNUSED_FUNCTION = YES;
				GCC_WARN_UNUSED_VARIABLE = YES;
				IPHONEOS_DEPLOYMENT_TARGET = 18.5;
				LOCALIZATION_PREFERS_STRING_CATALOGS = YES;
				MTL_ENABLE_DEBUG_INFO = NO;
				MTL_FAST_MATH = YES;
				SDKROOT = iphoneos;
				SWIFT_COMPILATION_MODE = wholemodule;
				VALIDATE_PRODUCT = YES;
			};
			name = Release;
		};
		AAC0F0BD2F48F00B000CE7A9 /* Debug */ = {
			isa = XCBuildConfiguration;
			buildSettings = {
				ASSETCATALOG_COMPILER_APPICON_NAME = AppIcon;
				ASSETCATALOG_COMPILER_GLOBAL_ACCENT_COLOR_NAME = AccentColor;
				CODE_SIGN_STYLE = Automatic;
				CURRENT_PROJECT_VERSION = 1;
				ENABLE_PREVIEWS = YES;
				GENERATE_INFOPLIST_FILE = YES;
				INFOPLIST_KEY_UIApplicationSceneManifest_Generation = YES;
				INFOPLIST_KEY_UIApplicationSupportsIndirectInputEvents = YES;
				INFOPLIST_KEY_UILaunchScreen_Generation = YES;
				INFOPLIST_KEY_UISupportedInterfaceOrientations_iPad = "UIInterfaceOrientationPortrait UIInterfaceOrientationPortraitUpsideDown UIInterfaceOrientationLandscapeLeft UIInterfaceOrientationLandscapeRight";
				INFOPLIST_KEY_UISupportedInterfaceOrientations_iPhone = "UIInterfaceOrientationPortrait UIInterfaceOrientationLandscapeLeft UIInterfaceOrientationLandscapeRight";
				LD_RUNPATH_SEARCH_PATHS = (
					"$(inherited)",
					"@executable_path/Frameworks",
				);
				LIBRARY_SEARCH_PATHS = (
					"$(inherited)",
					"$(BUILT_PRODUCTS_DIR)",
				);
				MARKETING_VERSION = 1.0;
				OTHER_LDFLAGS = "-lv8_bridge";
				PRODUCT_BUNDLE_IDENTIFIER = "rusty-v8.rusty-v8-ios";
				PRODUCT_NAME = "$(TARGET_NAME)";
				SWIFT_EMIT_LOC_STRINGS = YES;
				SWIFT_OBJC_BRIDGING_HEADER = "rusty-v8-ios/rusty-v8-ios-Bridging-Header.h";
				SWIFT_VERSION = 5.0;
				TARGETED_DEVICE_FAMILY = "1,2";
			};
			name = Debug;
		};
		AAC0F0BE2F48F00B000CE7A9 /* Release */ = {
			isa = XCBuildConfiguration;
			buildSettings = {
				ASSETCATALOG_COMPILER_APPICON_NAME = AppIcon;
				ASSETCATALOG_COMPILER_GLOBAL_ACCENT_COLOR_NAME = AccentColor;
				CODE_SIGN_STYLE = Automatic;
				CURRENT_PROJECT_VERSION = 1;
				ENABLE_PREVIEWS = YES;
				GENERATE_INFOPLIST_FILE = YES;
				INFOPLIST_KEY_UIApplicationSceneManifest_Generation = YES;
				INFOPLIST_KEY_UIApplicationSupportsIndirectInputEvents = YES;
				INFOPLIST_KEY_UILaunchScreen_Generation = YES;
				INFOPLIST_KEY_UISupportedInterfaceOrientations_iPad = "UIInterfaceOrientationPortrait UIInterfaceOrientationPortraitUpsideDown UIInterfaceOrientationLandscapeLeft UIInterfaceOrientationLandscapeRight";
				INFOPLIST_KEY_UISupportedInterfaceOrientations_iPhone = "UIInterfaceOrientationPortrait UIInterfaceOrientationLandscapeLeft UIInterfaceOrientationLandscapeRight";
				LD_RUNPATH_SEARCH_PATHS = (
					"$(inherited)",
					"@executable_path/Frameworks",
				);
				LIBRARY_SEARCH_PATHS = (
					"$(inherited)",
					"$(BUILT_PRODUCTS_DIR)",
				);
				MARKETING_VERSION = 1.0;
				OTHER_LDFLAGS = "-lv8_bridge";
				PRODUCT_BUNDLE_IDENTIFIER = "rusty-v8.rusty-v8-ios";
				PRODUCT_NAME = "$(TARGET_NAME)";
				SWIFT_EMIT_LOC_STRINGS = YES;
				SWIFT_OBJC_BRIDGING_HEADER = "rusty-v8-ios/rusty-v8-ios-Bridging-Header.h";
				SWIFT_VERSION = 5.0;
				TARGETED_DEVICE_FAMILY = "1,2";
			};
			name = Release;
		};
		AAC0F0C02F48F00B000CE7A9 /* Debug */ = {
			isa = XCBuildConfiguration;
			buildSettings = {
				BUNDLE_LOADER = "$(TEST_HOST)";
				CODE_SIGN_STYLE = Automatic;
				CURRENT_PROJECT_VERSION = 1;
				GENERATE_INFOPLIST_FILE = YES;
				IPHONEOS_DEPLOYMENT_TARGET = 18.5;
				MARKETING_VERSION = 1.0;
				PRODUCT_BUNDLE_IDENTIFIER = "rusty-v8.rusty-v8-iosTests";
				PRODUCT_NAME = "$(TARGET_NAME)";
				SWIFT_EMIT_LOC_STRINGS = NO;
				SWIFT_VERSION = 5.0;
				TARGETED_DEVICE_FAMILY = "1,2";
				TEST_HOST = "$(BUILT_PRODUCTS_DIR)/rusty-v8-ios.app/$(BUNDLE_EXECUTABLE_FOLDER_PATH)/rusty-v8-ios";
			};
			name = Debug;
		};
		AAC0F0C12F48F00B000CE7A9 /* Release */ = {
			isa = XCBuildConfiguration;
			buildSettings = {
				BUNDLE_LOADER = "$(TEST_HOST)";
				CODE_SIGN_STYLE = Automatic;
				CURRENT_PROJECT_VERSION = 1;
				GENERATE_INFOPLIST_FILE = YES;
				IPHONEOS_DEPLOYMENT_TARGET = 18.5;
				MARKETING_VERSION = 1.0;
				PRODUCT_BUNDLE_IDENTIFIER = "rusty-v8.rusty-v8-iosTests";
				PRODUCT_NAME = "$(TARGET_NAME)";
				SWIFT_EMIT_LOC_STRINGS = NO;
				SWIFT_VERSION = 5.0;
				TARGETED_DEVICE_FAMILY = "1,2";
				TEST_HOST = "$(BUILT_PRODUCTS_DIR)/rusty-v8-ios.app/$(BUNDLE_EXECUTABLE_FOLDER_PATH)/rusty-v8-ios";
			};
			name = Release;
		};
		AAC0F0C32F48F00B000CE7A9 /* Debug */ = {
			isa = XCBuildConfiguration;
			buildSettings = {
				CODE_SIGN_STYLE = Automatic;
				CURRENT_PROJECT_VERSION = 1;
				GENERATE_INFOPLIST_FILE = YES;
				MARKETING_VERSION = 1.0;
				PRODUCT_BUNDLE_IDENTIFIER = "rusty-v8.rusty-v8-iosUITests";
				PRODUCT_NAME = "$(TARGET_NAME)";
				SWIFT_EMIT_LOC_STRINGS = NO;
				SWIFT_VERSION = 5.0;
				TARGETED_DEVICE_FAMILY = "1,2";
				TEST_TARGET_NAME = "rusty-v8-ios";
			};
			name = Debug;
		};
		AAC0F0C42F48F00B000CE7A9 /* Release */ = {
			isa = XCBuildConfiguration;
			buildSettings = {
				CODE_SIGN_STYLE = Automatic;
				CURRENT_PROJECT_VERSION = 1;
				GENERATE_INFOPLIST_FILE = YES;
				MARKETING_VERSION = 1.0;
				PRODUCT_BUNDLE_IDENTIFIER = "rusty-v8.rusty-v8-iosUITests";
				PRODUCT_NAME = "$(TARGET_NAME)";
				SWIFT_EMIT_LOC_STRINGS = NO;
				SWIFT_VERSION = 5.0;
				TARGETED_DEVICE_FAMILY = "1,2";
				TEST_TARGET_NAME = "rusty-v8-ios";
			};
			name = Release;
		};
/* End XCBuildConfiguration section */

/* Begin XCConfigurationList section */
		AAC0F0962F48F007000CE7A9 /* Build configuration list for PBXProject "rusty-v8-ios" */ = {
			isa = XCConfigurationList;
			buildConfigurations = (
				AAC0F0BA2F48F00B000CE7A9 /* Debug */,
				AAC0F0BB2F48F00B000CE7A9 /* Release */,
			);
			defaultConfigurationIsVisible = 0;
			defaultConfigurationName = Release;
		};
		AAC0F0BC2F48F00B000CE7A9 /* Build configuration list for PBXNativeTarget "rusty-v8-ios" */ = {
			isa = XCConfigurationList;
			buildConfigurations = (
				AAC0F0BD2F48F00B000CE7A9 /* Debug */,
				AAC0F0BE2F48F00B000CE7A9 /* Release */,
			);
			defaultConfigurationIsVisible = 0;
			defaultConfigurationName = Release;
		};
		AAC0F0BF2F48F00B000CE7A9 /* Build configuration list for PBXNativeTarget "rusty-v8-iosTests" */ = {
			isa = XCConfigurationList;
			buildConfigurations = (
				AAC0F0C02F48F00B000CE7A9 /* Debug */,
				AAC0F0C12F48F00B000CE7A9 /* Release */,
			);
			defaultConfigurationIsVisible = 0;
			defaultConfigurationName = Release;
		};
		AAC0F0C22F48F00B000CE7A9 /* Build configuration list for PBXNativeTarget "rusty-v8-iosUITests" */ = {
			isa = XCConfigurationList;
			buildConfigurations = (
				AAC0F0C32F48F00B000CE7A9 /* Debug */,
				AAC0F0C42F48F00B000CE7A9 /* Release */,
			);
			defaultConfigurationIsVisible = 0;
			defaultConfigurationName = Release;
		};
/* End XCConfigurationList section */
	};
	rootObject = AAC0F0932F48F007000CE7A9 /* Project object */;
}
